
Microsoft Visual Studio Solution File, Format Version 12.00
Project("{2150E333-8FDC-42A3-9474-1A3956D46DE8}") = "ocr", "ocr", "{630E08D6-04FA-BCA4-1175-EEE0126773C2}"
EndProject
Project("{FAE04EC0-301F-11D3-BF4B-00C04F79EFBC}") = "shmtu-ocr-onnx-lib", "ocr\shmtu-ocr-onnx-lib\shmtu-ocr-onnx-lib.csproj", "{EB8B9F85-DA25-4B44-AF19-35E21803ACC5}"
EndProject
Project("{FAE04EC0-301F-11D3-BF4B-00C04F79EFBC}") = "shmtu-ocr-onnx-tests", "ocr\shmtu-ocr-onnx-tests\shmtu-ocr-onnx-tests.csproj", "{0C1DA043-1DE2-4F95-8C8F-63E564A06AC7}"
EndProject
Project("{2150E333-8FDC-42A3-9474-1A3956D46DE8}") = "Core", "Core", "{FBF56CC3-7AE6-AD2D-3F14-7F97FD322CD6}"
EndProject
Project("{FAE04EC0-301F-11D3-BF4B-00C04F79EFBC}") = "shmtu-dotnet-lib", "Core\shmtu-dotnet-lib\shmtu-dotnet-lib.csproj", "{8C08765A-B222-4EF0-ACE5-6A8438BE9DF6}"
EndProject
Project("{FAE04EC0-301F-11D3-BF4B-00C04F79EFBC}") = "shmtu-dotnet-demo", "Core\shmtu-dotnet-demo\shmtu-dotnet-demo.csproj", "{3E43C931-A5F4-43BD-8CB5-24043019D931}"
EndProject
Project("{FAE04EC0-301F-11D3-BF4B-00C04F79EFBC}") = "shmtu-ocr-onnx-demo", "ocr\shmtu-ocr-onnx-demo\shmtu-ocr-onnx-demo.csproj", "{ADA8D350-E262-4B5A-AD85-5DD8684DB688}"
EndProject
Project("{FAE04EC0-301F-11D3-BF4B-00C04F79EFBC}") = "shmtu-ocr-onnx-demo-gui", "ocr\shmtu-ocr-onnx-demo-gui\shmtu-ocr-onnx-demo-gui.csproj", "{CF277E50-F10C-476B-8594-C0B4E552A2DF}"
EndProject
Global
	GlobalSection(SolutionConfigurationPlatforms) = preSolution
		Debug|Any CPU = Debug|Any CPU
		Debug|x64 = Debug|x64
		Debug|x86 = Debug|x86
		Release|Any CPU = Release|Any CPU
		Release|x64 = Release|x64
		Release|x86 = Release|x86
	EndGlobalSection
	GlobalSection(ProjectConfigurationPlatforms) = postSolution
		{EB8B9F85-DA25-4B44-AF19-35E21803ACC5}.Debug|Any CPU.ActiveCfg = Debug|Any CPU
		{EB8B9F85-DA25-4B44-AF19-35E21803ACC5}.Debug|Any CPU.Build.0 = Debug|Any CPU
		{EB8B9F85-DA25-4B44-AF19-35E21803ACC5}.Debug|x64.ActiveCfg = Debug|Any CPU
		{EB8B9F85-DA25-4B44-AF19-35E21803ACC5}.Debug|x64.Build.0 = Debug|Any CPU
		{EB8B9F85-DA25-4B44-AF19-35E21803ACC5}.Debug|x86.ActiveCfg = Debug|Any CPU
		{EB8B9F85-DA25-4B44-AF19-35E21803ACC5}.Debug|x86.Build.0 = Debug|Any CPU
		{EB8B9F85-DA25-4B44-AF19-35E21803ACC5}.Release|Any CPU.ActiveCfg = Release|Any CPU
		{EB8B9F85-DA25-4B44-AF19-35E21803ACC5}.Release|Any CPU.Build.0 = Release|Any CPU
		{EB8B9F85-DA25-4B44-AF19-35E21803ACC5}.Release|x64.ActiveCfg = Release|Any CPU
		{EB8B9F85-DA25-4B44-AF19-35E21803ACC5}.Release|x64.Build.0 = Release|Any CPU
		{EB8B9F85-DA25-4B44-AF19-35E21803ACC5}.Release|x86.ActiveCfg = Release|Any CPU
		{EB8B9F85-DA25-4B44-AF19-35E21803ACC5}.Release|x86.Build.0 = Release|Any CPU
		{0C1DA043-1DE2-4F95-8C8F-63E564A06AC7}.Debug|Any CPU.ActiveCfg = Debug|Any CPU
		{0C1DA043-1DE2-4F95-8C8F-63E564A06AC7}.Debug|Any CPU.Build.0 = Debug|Any CPU
		{0C1DA043-1DE2-4F95-8C8F-63E564A06AC7}.Debug|x64.ActiveCfg = Debug|Any CPU
		{0C1DA043-1DE2-4F95-8C8F-63E564A06AC7}.Debug|x64.Build.0 = Debug|Any CPU
		{0C1DA043-1DE2-4F95-8C8F-63E564A06AC7}.Debug|x86.ActiveCfg = Debug|Any CPU
		{0C1DA043-1DE2-4F95-8C8F-63E564A06AC7}.Debug|x86.Build.0 = Debug|Any CPU
		{0C1DA043-1DE2-4F95-8C8F-63E564A06AC7}.Release|Any CPU.ActiveCfg = Release|Any CPU
		{0C1DA043-1DE2-4F95-8C8F-63E564A06AC7}.Release|Any CPU.Build.0 = Release|Any CPU
		{0C1DA043-1DE2-4F95-8C8F-63E564A06AC7}.Release|x64.ActiveCfg = Release|Any CPU
		{0C1DA043-1DE2-4F95-8C8F-63E564A06AC7}.Release|x64.Build.0 = Release|Any CPU
		{0C1DA043-1DE2-4F95-8C8F-63E564A06AC7}.Release|x86.ActiveCfg = Release|Any CPU
		{0C1DA043-1DE2-4F95-8C8F-63E564A06AC7}.Release|x86.Build.0 = Release|Any CPU
		{8C08765A-B222-4EF0-ACE5-6A8438BE9DF6}.Debug|Any CPU.ActiveCfg = Debug|Any CPU
		{8C08765A-B222-4EF0-ACE5-6A8438BE9DF6}.Debug|Any CPU.Build.0 = Debug|Any CPU
		{8C08765A-B222-4EF0-ACE5-6A8438BE9DF6}.Debug|x64.ActiveCfg = Debug|Any CPU
		{8C08765A-B222-4EF0-ACE5-6A8438BE9DF6}.Debug|x64.Build.0 = Debug|Any CPU
		{8C08765A-B222-4EF0-ACE5-6A8438BE9DF6}.Debug|x86.ActiveCfg = Debug|Any CPU
		{8C08765A-B222-4EF0-ACE5-6A8438BE9DF6}.Debug|x86.Build.0 = Debug|Any CPU
		{8C08765A-B222-4EF0-ACE5-6A8438BE9DF6}.Release|Any CPU.ActiveCfg = Release|Any CPU
		{8C08765A-B222-4EF0-ACE5-6A8438BE9DF6}.Release|Any CPU.Build.0 = Release|Any CPU
		{8C08765A-B222-4EF0-ACE5-6A8438BE9DF6}.Release|x64.ActiveCfg = Release|Any CPU
		{8C08765A-B222-4EF0-ACE5-6A8438BE9DF6}.Release|x64.Build.0 = Release|Any CPU
		{8C08765A-B222-4EF0-ACE5-6A8438BE9DF6}.Release|x86.ActiveCfg = Release|Any CPU
		{8C08765A-B222-4EF0-ACE5-6A8438BE9DF6}.Release|x86.Build.0 = Release|Any CPU
		{3E43C931-A5F4-43BD-8CB5-24043019D931}.Debug|Any CPU.ActiveCfg = Debug|Any CPU
		{3E43C931-A5F4-43BD-8CB5-24043019D931}.Debug|Any CPU.Build.0 = Debug|Any CPU
		{3E43C931-A5F4-43BD-8CB5-24043019D931}.Debug|x64.ActiveCfg = Debug|Any CPU
		{3E43C931-A5F4-43BD-8CB5-24043019D931}.Debug|x64.Build.0 = Debug|Any CPU
		{3E43C931-A5F4-43BD-8CB5-24043019D931}.Debug|x86.ActiveCfg = Debug|Any CPU
		{3E43C931-A5F4-43BD-8CB5-24043019D931}.Debug|x86.Build.0 = Debug|Any CPU
		{3E43C931-A5F4-43BD-8CB5-24043019D931}.Release|Any CPU.ActiveCfg = Release|Any CPU
		{3E43C931-A5F4-43BD-8CB5-24043019D931}.Release|Any CPU.Build.0 = Release|Any CPU
		{3E43C931-A5F4-43BD-8CB5-24043019D931}.Release|x64.ActiveCfg = Release|Any CPU
		{3E43C931-A5F4-43BD-8CB5-24043019D931}.Release|x64.Build.0 = Release|Any CPU
		{3E43C931-A5F4-43BD-8CB5-24043019D931}.Release|x86.ActiveCfg = Release|Any CPU
		{3E43C931-A5F4-43BD-8CB5-24043019D931}.Release|x86.Build.0 = Release|Any CPU
		{ADA8D350-E262-4B5A-AD85-5DD8684DB688}.Debug|Any CPU.ActiveCfg = Debug|Any CPU
		{ADA8D350-E262-4B5A-AD85-5DD8684DB688}.Debug|Any CPU.Build.0 = Debug|Any CPU
		{ADA8D350-E262-4B5A-AD85-5DD8684DB688}.Debug|x64.ActiveCfg = Debug|Any CPU
		{ADA8D350-E262-4B5A-AD85-5DD8684DB688}.Debug|x64.Build.0 = Debug|Any CPU
		{ADA8D350-E262-4B5A-AD85-5DD8684DB688}.Debug|x86.ActiveCfg = Debug|Any CPU
		{ADA8D350-E262-4B5A-AD85-5DD8684DB688}.Debug|x86.Build.0 = Debug|Any CPU
		{ADA8D350-E262-4B5A-AD85-5DD8684DB688}.Release|Any CPU.ActiveCfg = Release|Any CPU
		{ADA8D350-E262-4B5A-AD85-5DD8684DB688}.Release|Any CPU.Build.0 = Release|Any CPU
		{ADA8D350-E262-4B5A-AD85-5DD8684DB688}.Release|x64.ActiveCfg = Release|Any CPU
		{ADA8D350-E262-4B5A-AD85-5DD8684DB688}.Release|x64.Build.0 = Release|Any CPU
		{ADA8D350-E262-4B5A-AD85-5DD8684DB688}.Release|x86.ActiveCfg = Release|Any CPU
		{ADA8D350-E262-4B5A-AD85-5DD8684DB688}.Release|x86.Build.0 = Release|Any CPU
		{CF277E50-F10C-476B-8594-C0B4E552A2DF}.Debug|Any CPU.ActiveCfg = Debug|Any CPU
		{CF277E50-F10C-476B-8594-C0B4E552A2DF}.Debug|Any CPU.Build.0 = Debug|Any CPU
		{CF277E50-F10C-476B-8594-C0B4E552A2DF}.Debug|x64.ActiveCfg = Debug|Any CPU
		{CF277E50-F10C-476B-8594-C0B4E552A2DF}.Debug|x64.Build.0 = Debug|Any CPU
		{CF277E50-F10C-476B-8594-C0B4E552A2DF}.Debug|x86.ActiveCfg = Debug|Any CPU
		{CF277E50-F10C-476B-8594-C0B4E552A2DF}.Debug|x86.Build.0 = Debug|Any CPU
		{CF277E50-F10C-476B-8594-C0B4E552A2DF}.Release|Any CPU.ActiveCfg = Release|Any CPU
		{CF277E50-F10C-476B-8594-C0B4E552A2DF}.Release|Any CPU.Build.0 = Release|Any CPU
		{CF277E50-F10C-476B-8594-C0B4E552A2DF}.Release|x64.ActiveCfg = Release|Any CPU
		{CF277E50-F10C-476B-8594-C0B4E552A2DF}.Release|x64.Build.0 = Release|Any CPU
		{CF277E50-F10C-476B-8594-C0B4E552A2DF}.Release|x86.ActiveCfg = Release|Any CPU
		{CF277E50-F10C-476B-8594-C0B4E552A2DF}.Release|x86.Build.0 = Release|Any CPU
	EndGlobalSection
	GlobalSection(SolutionProperties) = preSolution
		HideSolutionNode = FALSE
	EndGlobalSection
	GlobalSection(NestedProjects) = preSolution
		{EB8B9F85-DA25-4B44-AF19-35E21803ACC5} = {630E08D6-04FA-BCA4-1175-EEE0126773C2}
		{0C1DA043-1DE2-4F95-8C8F-63E564A06AC7} = {630E08D6-04FA-BCA4-1175-EEE0126773C2}
		{8C08765A-B222-4EF0-ACE5-6A8438BE9DF6} = {FBF56CC3-7AE6-AD2D-3F14-7F97FD322CD6}
		{3E43C931-A5F4-43BD-8CB5-24043019D931} = {FBF56CC3-7AE6-AD2D-3F14-7F97FD322CD6}
		{ADA8D350-E262-4B5A-AD85-5DD8684DB688} = {630E08D6-04FA-BCA4-1175-EEE0126773C2}
		{CF277E50-F10C-476B-8594-C0B4E552A2DF} = {630E08D6-04FA-BCA4-1175-EEE0126773C2}
	EndGlobalSection
EndGlobal
